
Microsoft Visual Studio Solution File, Format Version 12.00
# Visual Studio Version 16
VisualStudioVersion = 16.0.28315.86
MinimumVisualStudioVersion = 10.0.40219.1
Project("{9A19103F-16F7-4668-BE54-9A1E7A4F7556}") = "DevExpress.OutlookInspiredApp.Wpf", "DevExpress.OutlookInspiredApp.Wpf\DevExpress.OutlookInspiredApp.Wpf.csproj", "{3A389955-5DC8-4322-B941-0842318F4E58}"
	ProjectSection(ProjectDependencies) = postProject
		{82779EFC-A4FE-4C87-8429-66EEB695B2BC} = {82779EFC-A4FE-4C87-8429-66EEB695B2BC}
	EndProjectSection
EndProject
Project("{9A19103F-16F7-4668-BE54-9A1E7A4F7556}") = "DevExpress.DevAV", "DevExpress.DevAV\DevExpress.DevAV.csproj", "{82779EFC-A4FE-4C87-8429-66EEB695B2BC}"
EndProject
Global
	GlobalSection(SolutionConfigurationPlatforms) = preSolution
		Debug|Any CPU = Debug|Any CPU
		Release|Any CPU = Release|Any CPU
	EndGlobalSection
	GlobalSection(ProjectConfigurationPlatforms) = postSolution
		{3A389955-5DC8-4322-B941-0842318F4E58}.Debug|Any CPU.ActiveCfg = Debug|Any CPU
		{3A389955-5DC8-4322-B941-0842318F4E58}.Debug|Any CPU.Build.0 = Debug|Any CPU
		{3A389955-5DC8-4322-B941-0842318F4E58}.Release|Any CPU.ActiveCfg = Release|Any CPU
		{3A389955-5DC8-4322-B941-0842318F4E58}.Release|Any CPU.Build.0 = Release|Any CPU
		{82779EFC-A4FE-4C87-8429-66EEB695B2BC}.Debug|Any CPU.ActiveCfg = Debug|Any CPU
		{82779EFC-A4FE-4C87-8429-66EEB695B2BC}.Debug|Any CPU.Build.0 = Debug|Any CPU
		{82779EFC-A4FE-4C87-8429-66EEB695B2BC}.Release|Any CPU.ActiveCfg = Release|Any CPU
		{82779EFC-A4FE-4C87-8429-66EEB695B2BC}.Release|Any CPU.Build.0 = Release|Any CPU
	EndGlobalSection
	GlobalSection(SolutionProperties) = preSolution
		HideSolutionNode = FALSE
	EndGlobalSection
	GlobalSection(ExtensibilityGlobals) = postSolution
		SolutionGuid = {6C1EACCF-5B13-423D-9CF8-A26163593634}
	EndGlobalSection
EndGlobal
